
Microsoft Visual Studio Solution File, Format Version 12.00
Project("{FAE04EC0-301F-11D3-BF4B-00C04F79EFBC}") = "APBD-API-2", "APBD-API-2\APBD-API-2.csproj", "{D1DF5BD6-FEA3-4484-A3FA-3A61086ECB29}"
EndProject
Global
	GlobalSection(SolutionConfigurationPlatforms) = preSolution
		Debug|Any CPU = Debug|Any CPU
		Release|Any CPU = Release|Any CPU
	EndGlobalSection
	GlobalSection(ProjectConfigurationPlatforms) = postSolution
		{D1DF5BD6-FEA3-4484-A3FA-3A61086ECB29}.Debug|Any CPU.ActiveCfg = Debug|Any CPU
		{D1DF5BD6-FEA3-4484-A3FA-3A61086ECB29}.Debug|Any CPU.Build.0 = Debug|Any CPU
		{D1DF5BD6-FEA3-4484-A3FA-3A61086ECB29}.Release|Any CPU.ActiveCfg = Release|Any CPU
		{D1DF5BD6-FEA3-4484-A3FA-3A61086ECB29}.Release|Any CPU.Build.0 = Release|Any CPU
	EndGlobalSection
EndGlobal
